
Microsoft Visual Studio Solution File, Format Version 12.00
# Visual Studio Version 17
VisualStudioVersion = 17.13.35806.99
MinimumVisualStudioVersion = 10.0.40219.1
Project("{FAE04EC0-301F-11D3-BF4B-00C04F79EFBC}") = "COURSEPROJECT", "COURSEPROJECT\COURSEPROJECT.csproj", "{D332B9EA-5B6E-48BB-B6D3-4EBD74ECB7EE}"
EndProject
Global
	GlobalSection(SolutionConfigurationPlatforms) = preSolution
		Debug|Any CPU = Debug|Any CPU
		Debug|x64 = Debug|x64
		Release|Any CPU = Release|Any CPU
		Release|x64 = Release|x64
	EndGlobalSection
	GlobalSection(ProjectConfigurationPlatforms) = postSolution
		{D332B9EA-5B6E-48BB-B6D3-4EBD74ECB7EE}.Debug|Any CPU.ActiveCfg = Debug|Any CPU
		{D332B9EA-5B6E-48BB-B6D3-4EBD74ECB7EE}.Debug|Any CPU.Build.0 = Debug|Any CPU
		{D332B9EA-5B6E-48BB-B6D3-4EBD74ECB7EE}.Debug|x64.ActiveCfg = Debug|x64
		{D332B9EA-5B6E-48BB-B6D3-4EBD74ECB7EE}.Debug|x64.Build.0 = Debug|x64
		{D332B9EA-5B6E-48BB-B6D3-4EBD74ECB7EE}.Release|Any CPU.ActiveCfg = Release|Any CPU
		{D332B9EA-5B6E-48BB-B6D3-4EBD74ECB7EE}.Release|Any CPU.Build.0 = Release|Any CPU
		{D332B9EA-5B6E-48BB-B6D3-4EBD74ECB7EE}.Release|x64.ActiveCfg = Release|x64
		{D332B9EA-5B6E-48BB-B6D3-4EBD74ECB7EE}.Release|x64.Build.0 = Release|x64
	EndGlobalSection
	GlobalSection(SolutionProperties) = preSolution
		HideSolutionNode = FALSE
	EndGlobalSection
	GlobalSection(ExtensibilityGlobals) = postSolution
		SolutionGuid = {214442F7-A528-4EF6-8889-D7D2EC952BF2}
	EndGlobalSection
EndGlobal
