
Microsoft Visual Studio Solution File, Format Version 12.00
# Visual Studio Version 17
VisualStudioVersion = 17.12.35707.178 d17.12
MinimumVisualStudioVersion = 10.0.40219.1
Project("{FAE04EC0-301F-11D3-BF4B-00C04F79EFBC}") = "DAL", "DAL\DAL.csproj", "{39A27A00-C8DC-4C23-82EB-23272C3EFB82}"
EndProject
Project("{FAE04EC0-301F-11D3-BF4B-00C04F79EFBC}") = "Test_DAL", "Test_DAL\Test_DAL.csproj", "{1D67A5C3-5D0A-45D8-90C5-B63092530A7B}"
EndProject
Global
	GlobalSection(SolutionConfigurationPlatforms) = preSolution
		Debug|Any CPU = Debug|Any CPU
		Release|Any CPU = Release|Any CPU
	EndGlobalSection
	GlobalSection(ProjectConfigurationPlatforms) = postSolution
		{39A27A00-C8DC-4C23-82EB-23272C3EFB82}.Debug|Any CPU.ActiveCfg = Debug|Any CPU
		{39A27A00-C8DC-4C23-82EB-23272C3EFB82}.Debug|Any CPU.Build.0 = Debug|Any CPU
		{39A27A00-C8DC-4C23-82EB-23272C3EFB82}.Release|Any CPU.ActiveCfg = Release|Any CPU
		{39A27A00-C8DC-4C23-82EB-23272C3EFB82}.Release|Any CPU.Build.0 = Release|Any CPU
		{1D67A5C3-5D0A-45D8-90C5-B63092530A7B}.Debug|Any CPU.ActiveCfg = Debug|Any CPU
		{1D67A5C3-5D0A-45D8-90C5-B63092530A7B}.Debug|Any CPU.Build.0 = Debug|Any CPU
		{1D67A5C3-5D0A-45D8-90C5-B63092530A7B}.Release|Any CPU.ActiveCfg = Release|Any CPU
		{1D67A5C3-5D0A-45D8-90C5-B63092530A7B}.Release|Any CPU.Build.0 = Release|Any CPU
	EndGlobalSection
	GlobalSection(SolutionProperties) = preSolution
		HideSolutionNode = FALSE
	EndGlobalSection
EndGlobal
