
Microsoft Visual Studio Solution File, Format Version 12.00
# Visual Studio Version 17
VisualStudioVersion = 17.13.35828.75 d17.13
MinimumVisualStudioVersion = 10.0.40219.1
Project("{8BC9CEB8-8B4A-11D0-8D11-00A0C91BC942}") = "ServerU", "ServerU\ServerU.vcxproj", "{44AA95DA-7BA3-4923-9A6C-49984863502C}"
EndProject
Project("{8BC9CEB8-8B4A-11D0-8D11-00A0C91BC942}") = "ClientU", "ClientU\ClientU.vcxproj", "{7CBC5A3B-CB91-432C-BC77-187199E5B2CA}"
EndProject
Global
	GlobalSection(SolutionConfigurationPlatforms) = preSolution
		Debug|x64 = Debug|x64
		Debug|x86 = Debug|x86
		Release|x64 = Release|x64
		Release|x86 = Release|x86
	EndGlobalSection
	GlobalSection(ProjectConfigurationPlatforms) = postSolution
		{44AA95DA-7BA3-4923-9A6C-49984863502C}.Debug|x64.ActiveCfg = Debug|x64
		{44AA95DA-7BA3-4923-9A6C-49984863502C}.Debug|x64.Build.0 = Debug|x64
		{44AA95DA-7BA3-4923-9A6C-49984863502C}.Debug|x86.ActiveCfg = Debug|Win32
		{44AA95DA-7BA3-4923-9A6C-49984863502C}.Debug|x86.Build.0 = Debug|Win32
		{44AA95DA-7BA3-4923-9A6C-49984863502C}.Release|x64.ActiveCfg = Release|x64
		{44AA95DA-7BA3-4923-9A6C-49984863502C}.Release|x64.Build.0 = Release|x64
		{44AA95DA-7BA3-4923-9A6C-49984863502C}.Release|x86.ActiveCfg = Release|Win32
		{44AA95DA-7BA3-4923-9A6C-49984863502C}.Release|x86.Build.0 = Release|Win32
		{7CBC5A3B-CB91-432C-BC77-187199E5B2CA}.Debug|x64.ActiveCfg = Debug|x64
		{7CBC5A3B-CB91-432C-BC77-187199E5B2CA}.Debug|x64.Build.0 = Debug|x64
		{7CBC5A3B-CB91-432C-BC77-187199E5B2CA}.Debug|x86.ActiveCfg = Debug|Win32
		{7CBC5A3B-CB91-432C-BC77-187199E5B2CA}.Debug|x86.Build.0 = Debug|Win32
		{7CBC5A3B-CB91-432C-BC77-187199E5B2CA}.Release|x64.ActiveCfg = Release|x64
		{7CBC5A3B-CB91-432C-BC77-187199E5B2CA}.Release|x64.Build.0 = Release|x64
		{7CBC5A3B-CB91-432C-BC77-187199E5B2CA}.Release|x86.ActiveCfg = Release|Win32
		{7CBC5A3B-CB91-432C-BC77-187199E5B2CA}.Release|x86.Build.0 = Release|Win32
	EndGlobalSection
	GlobalSection(SolutionProperties) = preSolution
		HideSolutionNode = FALSE
	EndGlobalSection
	GlobalSection(ExtensibilityGlobals) = postSolution
		SolutionGuid = {592D5E6B-0156-423B-89FF-3A6977ACD443}
	EndGlobalSection
EndGlobal
