
Microsoft Visual Studio Solution File, Format Version 12.00
# Visual Studio Version 17
VisualStudioVersion = 17.14.36518.9
MinimumVisualStudioVersion = 10.0.40219.1
Project("{FAE04EC0-301F-11D3-BF4B-00C04F79EFBC}") = "DAL003", "DAL003\DAL003.csproj", "{386F1EF6-ECEA-4986-B8C2-9459C6E2D55D}"
EndProject
Project("{FAE04EC0-301F-11D3-BF4B-00C04F79EFBC}") = "Test_DAL003", "Test_DAL003\Test_DAL003.csproj", "{AC519552-9B70-4F70-A3E4-3CCFF5B323E1}"
EndProject
Project("{FAE04EC0-301F-11D3-BF4B-00C04F79EFBC}") = "ASPA0033", "ASPA0033\ASPA0033.csproj", "{0E812DD6-D2BD-465B-B1DE-7A4B110D4E8D}"
EndProject
Global
	GlobalSection(SolutionConfigurationPlatforms) = preSolution
		Debug|Any CPU = Debug|Any CPU
		Release|Any CPU = Release|Any CPU
	EndGlobalSection
	GlobalSection(ProjectConfigurationPlatforms) = postSolution
		{386F1EF6-ECEA-4986-B8C2-9459C6E2D55D}.Debug|Any CPU.ActiveCfg = Debug|Any CPU
		{386F1EF6-ECEA-4986-B8C2-9459C6E2D55D}.Debug|Any CPU.Build.0 = Debug|Any CPU
		{386F1EF6-ECEA-4986-B8C2-9459C6E2D55D}.Release|Any CPU.ActiveCfg = Release|Any CPU
		{386F1EF6-ECEA-4986-B8C2-9459C6E2D55D}.Release|Any CPU.Build.0 = Release|Any CPU
		{AC519552-9B70-4F70-A3E4-3CCFF5B323E1}.Debug|Any CPU.ActiveCfg = Debug|Any CPU
		{AC519552-9B70-4F70-A3E4-3CCFF5B323E1}.Debug|Any CPU.Build.0 = Debug|Any CPU
		{AC519552-9B70-4F70-A3E4-3CCFF5B323E1}.Release|Any CPU.ActiveCfg = Release|Any CPU
		{AC519552-9B70-4F70-A3E4-3CCFF5B323E1}.Release|Any CPU.Build.0 = Release|Any CPU
		{0E812DD6-D2BD-465B-B1DE-7A4B110D4E8D}.Debug|Any CPU.ActiveCfg = Debug|Any CPU
		{0E812DD6-D2BD-465B-B1DE-7A4B110D4E8D}.Debug|Any CPU.Build.0 = Debug|Any CPU
		{0E812DD6-D2BD-465B-B1DE-7A4B110D4E8D}.Release|Any CPU.ActiveCfg = Release|Any CPU
		{0E812DD6-D2BD-465B-B1DE-7A4B110D4E8D}.Release|Any CPU.Build.0 = Release|Any CPU
	EndGlobalSection
	GlobalSection(SolutionProperties) = preSolution
		HideSolutionNode = FALSE
	EndGlobalSection
	GlobalSection(ExtensibilityGlobals) = postSolution
		SolutionGuid = {3C3FA953-D995-46C0-A065-820183F16D3C}
	EndGlobalSection
EndGlobal
